{
  "nodes": {
    "claude-code-schema": {
      "flake": false,
      "locked": {
        "narHash": "sha256-ODbi2kJg0O6Wuxc8b74bz0blLdfNvmtpv9Rd49Zk+ds=",
        "type": "file",
        "url": "https://json.schemastore.org/claude-code-settings.json"
      },
      "original": {
        "type": "file",
        "url": "https://json.schemastore.org/claude-code-settings.json"
      }
    },
    "dxnixinfra": {
      "inputs": {
        "flake-utils": "flake-utils",
        "nixpkgs": "nixpkgs"
      },
      "locked": {
        "lastModified": 1781402692,
        "narHash": "sha256-gYp2P3shfVbszRRicZG6Rn6hMZHpcIOLi1u/ABJXMnA=",
        "owner": "DxCx",
        "repo": "dxnixinfra",
        "rev": "3186701756934b438a6ee211cb1af74b95b80b7c",
        "type": "github"
      },
      "original": {
        "owner": "DxCx",
        "repo": "dxnixinfra",
        "type": "github"
      }
    },
    "dxnixinfra_2": {
      "inputs": {
        "flake-utils": "flake-utils_2",
        "nixpkgs": "nixpkgs_2"
      },
      "locked": {
        "lastModified": 1781326389,
        "narHash": "sha256-ueKPNfxPfpgtHF0jHT6QQrdI4N1SBV3FGx5z6vhxZYo=",
        "owner": "DxCx",
        "repo": "dxnixinfra",
        "rev": "098bbdeffce791eaf0e10b0baa416470eef9d5c7",
        "type": "github"
      },
      "original": {
        "owner": "DxCx",
        "repo": "dxnixinfra",
        "type": "github"
      }
    },
    "dxvim": {
      "inputs": {
        "dxnixinfra": "dxnixinfra_2",
        "flake-utils": [
          "dxvim",
          "dxnixinfra",
          "flake-utils"
        ],
        "hop-nvim-patched": "hop-nvim-patched",
        "nixpkgs": [
          "nixpkgs"
        ],
        "nvf": "nvf",
        "sidekick-nvim": "sidekick-nvim"
      },
      "locked": {
        "lastModified": 1781402601,
        "narHash": "sha256-GEvFUXCtSGc6G4Q264DQ+ZlmfTQNAQ98O5s/wCgwf/M=",
        "owner": "DxCx",
        "repo": "dxvim",
        "rev": "b8c2abbf94427a3a9002bceadc81b075f0335dde",
        "type": "github"
      },
      "original": {
        "owner": "DxCx",
        "repo": "dxvim",
        "type": "github"
      }
    },
    "flake-compat": {
      "flake": false,
      "locked": {
        "lastModified": 1777699697,
        "narHash": "sha256-Eg9b/rq/ECYwNwEXs5i9wHyhxNI0JrYx2srdI2uZMaQ=",
        "ref": "refs/heads/main",
        "rev": "382052b74656a369c5408822af3f2501e9b1af81",
        "revCount": 94,
        "type": "git",
        "url": "https://git.lix.systems/lix-project/flake-compat.git"
      },
      "original": {
        "type": "git",
        "url": "https://git.lix.systems/lix-project/flake-compat.git"
      }
    },
    "flake-parts": {
      "inputs": {
        "nixpkgs-lib": [
          "dxvim",
          "nvf",
          "nixpkgs"
        ]
      },
      "locked": {
        "lastModified": 1778716662,
        "narHash": "sha256-m1Yf0wZ8j1OHjTc2UwHwyQRSnNeSgLJOd7q5Y45hzi4=",
        "owner": "hercules-ci",
        "repo": "flake-parts",
        "rev": "f7c1a2d347e4c52d5fb8d10cb4d94b5884e546fb",
        "type": "github"
      },
      "original": {
        "owner": "hercules-ci",
        "repo": "flake-parts",
        "type": "github"
      }
    },
    "flake-utils": {
      "inputs": {
        "systems": "systems"
      },
      "locked": {
        "lastModified": 1731533236,
        "narHash": "sha256-l0KFg5HjrsfsO/JpG+r7fRrqm12kzFHyUHqHCVpMMbI=",
        "owner": "numtide",
        "repo": "flake-utils",
        "rev": "11707dc2f618dd54ca8739b309ec4fc024de578b",
        "type": "github"
      },
      "original": {
        "owner": "numtide",
        "repo": "flake-utils",
        "type": "github"
      }
    },
    "flake-utils_2": {
      "inputs": {
        "systems": "systems_2"
      },
      "locked": {
        "lastModified": 1731533236,
        "narHash": "sha256-l0KFg5HjrsfsO/JpG+r7fRrqm12kzFHyUHqHCVpMMbI=",
        "owner": "numtide",
        "repo": "flake-utils",
        "rev": "11707dc2f618dd54ca8739b309ec4fc024de578b",
        "type": "github"
      },
      "original": {
        "owner": "numtide",
        "repo": "flake-utils",
        "type": "github"
      }
    },
    "flake-utils_3": {
      "inputs": {
        "systems": "systems_4"
      },
      "locked": {
        "lastModified": 1694529238,
        "narHash": "sha256-zsNZZGTGnMOf9YpHKJqMSsa0dXbfmxeoJ7xHlrt+xmY=",
        "owner": "numtide",
        "repo": "flake-utils",
        "rev": "ff7b65b44d01cf9ba6a71320833626af21126384",
        "type": "github"
      },
      "original": {
        "owner": "numtide",
        "repo": "flake-utils",
        "type": "github"
      }
    },
    "home-manager": {
      "inputs": {
        "nixpkgs": [
          "nixpkgs"
        ]
      },
      "locked": {
        "lastModified": 1781365335,
        "narHash": "sha256-zqDBhXMzfbdlO7F2bGHe7MOtB3xngd/+4ieMHDC+ZXo=",
        "owner": "nix-community",
        "repo": "home-manager",
        "rev": "5b6f5733726a1b2ccafb5dec6ac4ca7299fad66c",
        "type": "github"
      },
      "original": {
        "owner": "nix-community",
        "repo": "home-manager",
        "type": "github"
      }
    },
    "hop-nvim-patched": {
      "flake": false,
      "locked": {
        "lastModified": 1667919096,
        "narHash": "sha256-JeXaiVtjW7bcm89OMGYFTJ6qcw5S6NqJ5TIa87sCkGw=",
        "owner": "aznhe21",
        "repo": "hop.nvim",
        "rev": "a7454d16a762a2f50f235e68f35b30b0f20f3a35",
        "type": "github"
      },
      "original": {
        "owner": "aznhe21",
        "repo": "hop.nvim",
        "type": "github"
      }
    },
    "mnw": {
      "locked": {
        "lastModified": 1780772958,
        "narHash": "sha256-VKKe8r4pwCGWZ3Yr9CPN129R4S3CKLSrlYqdYz3vKpM=",
        "owner": "Gerg-L",
        "repo": "mnw",
        "rev": "0871dbf63a53610c95db04439ed8ea4d6ec9c160",
        "type": "github"
      },
      "original": {
        "owner": "Gerg-L",
        "repo": "mnw",
        "type": "github"
      }
    },
    "ndg": {
      "inputs": {
        "nixpkgs": [
          "dxvim",
          "nvf",
          "nixpkgs"
        ]
      },
      "locked": {
        "lastModified": 1779233504,
        "narHash": "sha256-YIKEyzh0NFQlD0O92LQQNMoVCDwV8yw1Xz0Iu+4ZC5U=",
        "owner": "feel-co",
        "repo": "ndg",
        "rev": "86f6644411a64d5413711895b7cf6e0e1be465b6",
        "type": "github"
      },
      "original": {
        "owner": "feel-co",
        "ref": "refs/tags/v2.8.0",
        "repo": "ndg",
        "type": "github"
      }
    },
    "nixpkgs": {
      "locked": {
        "lastModified": 1781328464,
        "narHash": "sha256-j9uBlHI0eJ9zWU9IlF6SlBBPdeJu30hcvar31IRKHpw=",
        "owner": "nixos",
        "repo": "nixpkgs",
        "rev": "5a722a7155bfc9fbe657f28d26b71860d95324bc",
        "type": "github"
      },
      "original": {
        "owner": "nixos",
        "ref": "nixpkgs-unstable",
        "repo": "nixpkgs",
        "type": "github"
      }
    },
    "nixpkgs_2": {
      "locked": {
        "lastModified": 1781268102,
        "narHash": "sha256-Zn5KTggEmUB3lXn/ccERNcBdddE6IaOFber9dWViWDg=",
        "owner": "nixos",
        "repo": "nixpkgs",
        "rev": "49a4bd0573c376468dd7996ddb6f9fa31d8c4d97",
        "type": "github"
      },
      "original": {
        "owner": "nixos",
        "ref": "nixpkgs-unstable",
        "repo": "nixpkgs",
        "type": "github"
      }
    },
    "nvf": {
      "inputs": {
        "flake-compat": "flake-compat",
        "flake-parts": "flake-parts",
        "mnw": "mnw",
        "ndg": "ndg",
        "nixpkgs": [
          "dxvim",
          "nixpkgs"
        ],
        "systems": "systems_3"
      },
      "locked": {
        "lastModified": 1781374247,
        "narHash": "sha256-34t1PpO8957G0KkE9YdZx5tsVW1HwMYxUsDep+q093o=",
        "owner": "notashelf",
        "repo": "nvf",
        "rev": "b67d23fad44b27764ef4af290745188cf3bcbade",
        "type": "github"
      },
      "original": {
        "owner": "notashelf",
        "repo": "nvf",
        "type": "github"
      }
    },
    "octorus-src": {
      "flake": false,
      "locked": {
        "lastModified": 1780472535,
        "narHash": "sha256-IkRHU6gmafmLFitYDQnumqj8X2H3LB0c/Cs8Edo0NaQ=",
        "owner": "ushironoko",
        "repo": "octorus",
        "rev": "c1c06c9071048e198a5ee762f88b75a1f3e722d4",
        "type": "github"
      },
      "original": {
        "owner": "ushironoko",
        "ref": "v0.6.6",
        "repo": "octorus",
        "type": "github"
      }
    },
    "root": {
      "inputs": {
        "claude-code-schema": "claude-code-schema",
        "dxnixinfra": "dxnixinfra",
        "dxvim": "dxvim",
        "home-manager": "home-manager",
        "nixpkgs": [
          "dxnixinfra",
          "nixpkgs"
        ],
        "octorus-src": "octorus-src",
        "utils": "utils"
      }
    },
    "sidekick-nvim": {
      "flake": false,
      "locked": {
        "lastModified": 1776888531,
        "narHash": "sha256-I1YuIXJHP7JfETwOer6B7QDLMZGG/X59zXopb4nPel4=",
        "owner": "folke",
        "repo": "sidekick.nvim",
        "rev": "208e1c5b8170c01fd1d07df0139322a76479b235",
        "type": "github"
      },
      "original": {
        "owner": "folke",
        "repo": "sidekick.nvim",
        "type": "github"
      }
    },
    "systems": {
      "locked": {
        "lastModified": 1681028828,
        "narHash": "sha256-Vy1rq5AaRuLzOxct8nz4T6wlgyUR7zLU309k9mBC768=",
        "owner": "nix-systems",
        "repo": "default",
        "rev": "da67096a3b9bf56a91d16901293e51ba5b49a27e",
        "type": "github"
      },
      "original": {
        "owner": "nix-systems",
        "repo": "default",
        "type": "github"
      }
    },
    "systems_2": {
      "locked": {
        "lastModified": 1681028828,
        "narHash": "sha256-Vy1rq5AaRuLzOxct8nz4T6wlgyUR7zLU309k9mBC768=",
        "owner": "nix-systems",
        "repo": "default",
        "rev": "da67096a3b9bf56a91d16901293e51ba5b49a27e",
        "type": "github"
      },
      "original": {
        "owner": "nix-systems",
        "repo": "default",
        "type": "github"
      }
    },
    "systems_3": {
      "locked": {
        "lastModified": 1681028828,
        "narHash": "sha256-Vy1rq5AaRuLzOxct8nz4T6wlgyUR7zLU309k9mBC768=",
        "owner": "nix-systems",
        "repo": "default",
        "rev": "da67096a3b9bf56a91d16901293e51ba5b49a27e",
        "type": "github"
      },
      "original": {
        "owner": "nix-systems",
        "repo": "default",
        "type": "github"
      }
    },
    "systems_4": {
      "locked": {
        "lastModified": 1681028828,
        "narHash": "sha256-Vy1rq5AaRuLzOxct8nz4T6wlgyUR7zLU309k9mBC768=",
        "owner": "nix-systems",
        "repo": "default",
        "rev": "da67096a3b9bf56a91d16901293e51ba5b49a27e",
        "type": "github"
      },
      "original": {
        "owner": "nix-systems",
        "repo": "default",
        "type": "github"
      }
    },
    "utils": {
      "inputs": {
        "flake-utils": "flake-utils_3"
      },
      "locked": {
        "lastModified": 1779563444,
        "narHash": "sha256-+rEagECcF6BhWfLs8VCkPqsBuxxSSIRxMlgjXj6G8UQ=",
        "owner": "gytis-ivaskevicius",
        "repo": "flake-utils-plus",
        "rev": "a00f6f51907b5c74d2fde086b10b19d446d15717",
        "type": "github"
      },
      "original": {
        "owner": "gytis-ivaskevicius",
        "repo": "flake-utils-plus",
        "type": "github"
      }
    }
  },
  "root": "root",
  "version": 7
}
